
Microsoft Visual Studio Solution File, Format Version 12.00
# Visual Studio Version 17
VisualStudioVersion = 17.0.32014.148
MinimumVisualStudioVersion = 10.0.40219.1
Project("{FAE04EC0-301F-11D3-BF4B-00C04F79EFBC}") = "TcMasterForm", "PT.SE.DualUnitsDetection\TcMasterForm.csproj", "{3C83DC80-4AA8-4E8D-B8D0-533C2838458F}"
EndProject
Global
	GlobalSection(SolutionConfigurationPlatforms) = preSolution
		Debug|Any CPU = Debug|Any CPU
		Release|Any CPU = Release|Any CPU
	EndGlobalSection
	GlobalSection(ProjectConfigurationPlatforms) = postSolution
		{3C83DC80-4AA8-4E8D-B8D0-533C2838458F}.Debug|Any CPU.ActiveCfg = Debug|Any CPU
		{3C83DC80-4AA8-4E8D-B8D0-533C2838458F}.Debug|Any CPU.Build.0 = Debug|Any CPU
		{3C83DC80-4AA8-4E8D-B8D0-533C2838458F}.Release|Any CPU.ActiveCfg = Release|Any CPU
		{3C83DC80-4AA8-4E8D-B8D0-533C2838458F}.Release|Any CPU.Build.0 = Release|Any CPU
	EndGlobalSection
	GlobalSection(SolutionProperties) = preSolution
		HideSolutionNode = FALSE
	EndGlobalSection
	GlobalSection(ExtensibilityGlobals) = postSolution
		SolutionGuid = {2192A49D-EC36-466F-A09B-1DF6E0734C14}
	EndGlobalSection
EndGlobal
